
Microsoft Visual Studio Solution File, Format Version 12.00
# Visual Studio Express 2012 for Windows Desktop
Project("{FAE04EC0-301F-11D3-BF4B-00C04F79EFBC}") = "Classi astratte", "Classi astratte\Classi astratte.csproj", "{D99E788E-3401-4712-B6DC-3505FD5A3A0B}"
EndProject
Global
	GlobalSection(SolutionConfigurationPlatforms) = preSolution
		Debug|Any CPU = Debug|Any CPU
		Release|Any CPU = Release|Any CPU
	EndGlobalSection
	GlobalSection(ProjectConfigurationPlatforms) = postSolution
		{D99E788E-3401-4712-B6DC-3505FD5A3A0B}.Debug|Any CPU.ActiveCfg = Debug|Any CPU
		{D99E788E-3401-4712-B6DC-3505FD5A3A0B}.Debug|Any CPU.Build.0 = Debug|Any CPU
		{D99E788E-3401-4712-B6DC-3505FD5A3A0B}.Release|Any CPU.ActiveCfg = Release|Any CPU
		{D99E788E-3401-4712-B6DC-3505FD5A3A0B}.Release|Any CPU.Build.0 = Release|Any CPU
	EndGlobalSection
	GlobalSection(SolutionProperties) = preSolution
		HideSolutionNode = FALSE
	EndGlobalSection
EndGlobal
